<?xml version="1.0" encoding="utf-8"?>
<Project ToolsVersion="16.0" xmlns="http://schemas.microsoft.com/developer/msbuild/2003">
  <ItemGroup>
    <Filter Include="Source Files">
      <UniqueIdentifier>{B1F27843-FECA-1BAD-A34D-8B0C23682573}</UniqueIdentifier>
      <Extensions>cpp;cxx;cc;c;C</Extensions>
    </Filter>
    <Filter Include="Header Files">
      <UniqueIdentifier>{06319535-FECA-1BAD-A34D-8B0C23682573}</UniqueIdentifier>
      <Extensions>h;hpp;hxx;hh</Extensions>
    </Filter>
    <Filter Include="Build Files">
      <UniqueIdentifier>{A1909F1C-FECA-1BAD-A34D-8B0C23682573}</UniqueIdentifier>
      <Extensions>mpc;mpb;mwc</Extensions>
    </Filter>
  </ItemGroup>
  <ItemGroup>
    <ClCompile Include=".\config\ConnectionSettings.cpp">
      <Filter>Source Files</Filter>
    </ClCompile>
    <ClCompile Include=".\config\Parser.cpp">
      <Filter>Source Files</Filter>
    </ClCompile>
    <ClCompile Include=".\config\QosSettings.cpp">
      <Filter>Source Files</Filter>
    </ClCompile>
    <ClCompile Include=".\config\TopicSettings.cpp">
      <Filter>Source Files</Filter>
    </ClCompile>
    <ClCompile Include="FaceTSS.cpp">
      <Filter>Source Files</Filter>
    </ClCompile>
    <ClCompile Include="StringManager.cpp">
      <Filter>Source Files</Filter>
    </ClCompile>
  </ItemGroup>
  <ItemGroup>
    <ClInclude Include="..\..\FACE\common.hpp">
      <Filter>Header Files</Filter>
    </ClInclude>
    <ClInclude Include="..\..\FACE\Fixed.h">
      <Filter>Header Files</Filter>
    </ClInclude>
    <ClInclude Include="..\..\FACE\OpenDDS_FACE_Export.h">
      <Filter>Header Files</Filter>
    </ClInclude>
    <ClInclude Include="..\..\FACE\Sequence.h">
      <Filter>Header Files</Filter>
    </ClInclude>
    <ClInclude Include="..\..\FACE\SequenceVar.h">
      <Filter>Header Files</Filter>
    </ClInclude>
    <ClInclude Include="..\..\FACE\StringManager.h">
      <Filter>Header Files</Filter>
    </ClInclude>
    <ClInclude Include="..\..\FACE\TS.hpp">
      <Filter>Header Files</Filter>
    </ClInclude>
    <ClInclude Include="..\..\FACE\TS_common.hpp">
      <Filter>Header Files</Filter>
    </ClInclude>
    <ClInclude Include="..\..\FACE\types.hpp">
      <Filter>Header Files</Filter>
    </ClInclude>
    <ClInclude Include=".\config\ConnectionSettings.h">
      <Filter>Header Files</Filter>
    </ClInclude>
    <ClInclude Include=".\config\Parser.h">
      <Filter>Header Files</Filter>
    </ClInclude>
    <ClInclude Include=".\config\QosSettings.h">
      <Filter>Header Files</Filter>
    </ClInclude>
    <ClInclude Include=".\config\TopicSettings.h">
      <Filter>Header Files</Filter>
    </ClInclude>
    <ClInclude Include="FaceTSS.h">
      <Filter>Header Files</Filter>
    </ClInclude>
  </ItemGroup>
  <ItemGroup>
    <None Include="OpenDDS_FACE.mpc">
      <Filter>Build Files</Filter>
    </None>
  </ItemGroup>
</Project>
